
Microsoft Visual Studio Solution File, Format Version 11.00
# Visual Studio 2010
Project("{159641D6-6404-4A2A-AE62-294DE0FE8301}") = "Sincronizador", "Sincronizador\Sincronizador.dtproj", "{02101A38-5C4C-4076-A47B-58A32C2280C5}"
EndProject
Global
	GlobalSection(SolutionConfigurationPlatforms) = preSolution
		Development|Default = Development|Default
	EndGlobalSection
	GlobalSection(ProjectConfigurationPlatforms) = postSolution
		{02101A38-5C4C-4076-A47B-58A32C2280C5}.Development|Default.ActiveCfg = Development
		{02101A38-5C4C-4076-A47B-58A32C2280C5}.Development|Default.Build.0 = Development
	EndGlobalSection
	GlobalSection(SolutionProperties) = preSolution
		HideSolutionNode = FALSE
	EndGlobalSection
EndGlobal
