
Microsoft Visual Studio Solution File, Format Version 11.00
# Visual Studio 2010
Project("{159641D6-6404-4A2A-AE62-294DE0FE8301}") = "Contraloria_Unidades_Compra", "Contraloria_Unidades_Compra\Contraloria_Unidades_Compra.dtproj", "{F440836E-044F-4AE3-BB3D-78D0E9DE45DE}"
EndProject
Global
	GlobalSection(SolutionConfigurationPlatforms) = preSolution
		Development|Default = Development|Default
	EndGlobalSection
	GlobalSection(ProjectConfigurationPlatforms) = postSolution
		{F440836E-044F-4AE3-BB3D-78D0E9DE45DE}.Development|Default.ActiveCfg = Development
		{F440836E-044F-4AE3-BB3D-78D0E9DE45DE}.Development|Default.Build.0 = Development
	EndGlobalSection
	GlobalSection(SolutionProperties) = preSolution
		HideSolutionNode = FALSE
	EndGlobalSection
EndGlobal
